
Microsoft Visual Studio Solution File, Format Version 12.00
# Visual Studio Version 17
VisualStudioVersion = 17.5.002.0
MinimumVisualStudioVersion = 10.0.40219.1
Project("{9A19103F-16F7-4668-BE54-9A1E7A4F7556}") = "csharp", "csharp.csproj", "{720402E7-2C1E-4270-91E5-487FB7C39902}"
EndProject
Global
	GlobalSection(SolutionConfigurationPlatforms) = preSolution
		Debug|Any CPU = Debug|Any CPU
		Release|Any CPU = Release|Any CPU
	EndGlobalSection
	GlobalSection(ProjectConfigurationPlatforms) = postSolution
		{720402E7-2C1E-4270-91E5-487FB7C39902}.Debug|Any CPU.ActiveCfg = Debug|Any CPU
		{720402E7-2C1E-4270-91E5-487FB7C39902}.Debug|Any CPU.Build.0 = Debug|Any CPU
		{720402E7-2C1E-4270-91E5-487FB7C39902}.Release|Any CPU.ActiveCfg = Release|Any CPU
		{720402E7-2C1E-4270-91E5-487FB7C39902}.Release|Any CPU.Build.0 = Release|Any CPU
	EndGlobalSection
	GlobalSection(SolutionProperties) = preSolution
		HideSolutionNode = FALSE
	EndGlobalSection
	GlobalSection(ExtensibilityGlobals) = postSolution
		SolutionGuid = {0F367439-7BDA-436C-BB12-353E415C23EB}
	EndGlobalSection
EndGlobal
